<?xml version="1.0" encoding="utf-8"?>
<Project ToolsVersion="12.0" xmlns="http://schemas.microsoft.com/developer/msbuild/2003">
  <ItemGroup>
    <ClCompile Include="D:\GitHub\jsoncpp\src\lib_json\json_reader.cpp">
      <Filter>Source Files</Filter>
    </ClCompile>
    <ClCompile Include="D:\GitHub\jsoncpp\src\lib_json\json_value.cpp">
      <Filter>Source Files</Filter>
    </ClCompile>
    <ClCompile Include="D:\GitHub\jsoncpp\src\lib_json\json_writer.cpp">
      <Filter>Source Files</Filter>
    </ClCompile>
  </ItemGroup>
  <ItemGroup>
    <ClInclude Include="D:\GitHub\jsoncpp\include\json\config.h">
      <Filter>Public API</Filter>
    </ClInclude>
    <ClInclude Include="D:\GitHub\jsoncpp\include\json\forwards.h">
      <Filter>Public API</Filter>
    </ClInclude>
    <ClInclude Include="D:\GitHub\jsoncpp\include\json\features.h">
      <Filter>Public API</Filter>
    </ClInclude>
    <ClInclude Include="D:\GitHub\jsoncpp\include\json\value.h">
      <Filter>Public API</Filter>
    </ClInclude>
    <ClInclude Include="D:\GitHub\jsoncpp\include\json\reader.h">
      <Filter>Public API</Filter>
    </ClInclude>
    <ClInclude Include="D:\GitHub\jsoncpp\include\json\writer.h">
      <Filter>Public API</Filter>
    </ClInclude>
    <ClInclude Include="D:\GitHub\jsoncpp\include\json\assertions.h">
      <Filter>Public API</Filter>
    </ClInclude>
    <ClInclude Include="D:\GitHub\jsoncpp\include\json\version.h">
      <Filter>Public API</Filter>
    </ClInclude>
    <ClInclude Include="D:\GitHub\jsoncpp\src\lib_json\json_tool.h">
      <Filter>Header Files</Filter>
    </ClInclude>
    <ClInclude Include="D:\GitHub\jsoncpp\src\lib_json\json_valueiterator.inl">
      <Filter>Header Files</Filter>
    </ClInclude>
    <ClInclude Include="D:\GitHub\jsoncpp\src\lib_json\version.h.in">
      <Filter>Header Files</Filter>
    </ClInclude>
  </ItemGroup>
  <ItemGroup>
    <CustomBuild Include="D:\GitHub\jsoncpp\src\lib_json\CMakeLists.txt" />
  </ItemGroup>
  <ItemGroup>
    <Filter Include="Header Files">
      <UniqueIdentifier>{B142C2DF-3FB5-36D8-A587-B5173E08CFD0}</UniqueIdentifier>
    </Filter>
    <Filter Include="Public API">
      <UniqueIdentifier>{4D7603A2-D2B2-3E57-9BF0-A114DB48E08A}</UniqueIdentifier>
    </Filter>
    <Filter Include="Source Files">
      <UniqueIdentifier>{14D8C3A0-308E-3D97-A6DE-3764690EDDEE}</UniqueIdentifier>
    </Filter>
  </ItemGroup>
</Project>
